
Microsoft Visual Studio Solution File, Format Version 12.00
# Visual Studio Version 16
VisualStudioVersion = 16.0.30114.105
MinimumVisualStudioVersion = 10.0.40219.1
Project("{FAE04EC0-301F-11D3-BF4B-00C04F79EFBC}") = "EmergencyDataApp.Core", "EmergencyDataApp.Core\EmergencyDataApp.Core.csproj", "{01F1482E-F307-41F8-9F8D-EF17E37C3FD3}"
EndProject
Project("{FAE04EC0-301F-11D3-BF4B-00C04F79EFBC}") = "EmergencyDataApp.Server", "EmergencyDataApp.Server\EmergencyDataApp.Server.csproj", "{7BBDFFA3-DE13-40E3-BE13-7731F77A9A70}"
EndProject
Project("{FAE04EC0-301F-11D3-BF4B-00C04F79EFBC}") = "EmergencyDataApp.Data", "EmergencyDataApp.Data\EmergencyDataApp.Data.csproj", "{995865E8-925B-4262-AA0F-15ABF856DE8E}"
EndProject
Project("{FAE04EC0-301F-11D3-BF4B-00C04F79EFBC}") = "EmergencyDataApp.Test", "EmergencyDataApp.Test\EmergencyDataApp.Test.csproj", "{37443E86-3663-4D43-8E9A-D3A1B4600438}"
EndProject
Global
	GlobalSection(SolutionConfigurationPlatforms) = preSolution
		Debug|Any CPU = Debug|Any CPU
		Debug|x64 = Debug|x64
		Debug|x86 = Debug|x86
		Release|Any CPU = Release|Any CPU
		Release|x64 = Release|x64
		Release|x86 = Release|x86
	EndGlobalSection
	GlobalSection(SolutionProperties) = preSolution
		HideSolutionNode = FALSE
	EndGlobalSection
	GlobalSection(ProjectConfigurationPlatforms) = postSolution
		{01F1482E-F307-41F8-9F8D-EF17E37C3FD3}.Debug|Any CPU.ActiveCfg = Debug|Any CPU
		{01F1482E-F307-41F8-9F8D-EF17E37C3FD3}.Debug|Any CPU.Build.0 = Debug|Any CPU
		{01F1482E-F307-41F8-9F8D-EF17E37C3FD3}.Debug|x64.ActiveCfg = Debug|Any CPU
		{01F1482E-F307-41F8-9F8D-EF17E37C3FD3}.Debug|x64.Build.0 = Debug|Any CPU
		{01F1482E-F307-41F8-9F8D-EF17E37C3FD3}.Debug|x86.ActiveCfg = Debug|Any CPU
		{01F1482E-F307-41F8-9F8D-EF17E37C3FD3}.Debug|x86.Build.0 = Debug|Any CPU
		{01F1482E-F307-41F8-9F8D-EF17E37C3FD3}.Release|Any CPU.ActiveCfg = Release|Any CPU
		{01F1482E-F307-41F8-9F8D-EF17E37C3FD3}.Release|Any CPU.Build.0 = Release|Any CPU
		{01F1482E-F307-41F8-9F8D-EF17E37C3FD3}.Release|x64.ActiveCfg = Release|Any CPU
		{01F1482E-F307-41F8-9F8D-EF17E37C3FD3}.Release|x64.Build.0 = Release|Any CPU
		{01F1482E-F307-41F8-9F8D-EF17E37C3FD3}.Release|x86.ActiveCfg = Release|Any CPU
		{01F1482E-F307-41F8-9F8D-EF17E37C3FD3}.Release|x86.Build.0 = Release|Any CPU
		{7BBDFFA3-DE13-40E3-BE13-7731F77A9A70}.Debug|Any CPU.ActiveCfg = Debug|Any CPU
		{7BBDFFA3-DE13-40E3-BE13-7731F77A9A70}.Debug|Any CPU.Build.0 = Debug|Any CPU
		{7BBDFFA3-DE13-40E3-BE13-7731F77A9A70}.Debug|x64.ActiveCfg = Debug|Any CPU
		{7BBDFFA3-DE13-40E3-BE13-7731F77A9A70}.Debug|x64.Build.0 = Debug|Any CPU
		{7BBDFFA3-DE13-40E3-BE13-7731F77A9A70}.Debug|x86.ActiveCfg = Debug|Any CPU
		{7BBDFFA3-DE13-40E3-BE13-7731F77A9A70}.Debug|x86.Build.0 = Debug|Any CPU
		{7BBDFFA3-DE13-40E3-BE13-7731F77A9A70}.Release|Any CPU.ActiveCfg = Release|Any CPU
		{7BBDFFA3-DE13-40E3-BE13-7731F77A9A70}.Release|Any CPU.Build.0 = Release|Any CPU
		{7BBDFFA3-DE13-40E3-BE13-7731F77A9A70}.Release|x64.ActiveCfg = Release|Any CPU
		{7BBDFFA3-DE13-40E3-BE13-7731F77A9A70}.Release|x64.Build.0 = Release|Any CPU
		{7BBDFFA3-DE13-40E3-BE13-7731F77A9A70}.Release|x86.ActiveCfg = Release|Any CPU
		{7BBDFFA3-DE13-40E3-BE13-7731F77A9A70}.Release|x86.Build.0 = Release|Any CPU
		{995865E8-925B-4262-AA0F-15ABF856DE8E}.Debug|Any CPU.ActiveCfg = Debug|Any CPU
		{995865E8-925B-4262-AA0F-15ABF856DE8E}.Debug|Any CPU.Build.0 = Debug|Any CPU
		{995865E8-925B-4262-AA0F-15ABF856DE8E}.Debug|x64.ActiveCfg = Debug|Any CPU
		{995865E8-925B-4262-AA0F-15ABF856DE8E}.Debug|x64.Build.0 = Debug|Any CPU
		{995865E8-925B-4262-AA0F-15ABF856DE8E}.Debug|x86.ActiveCfg = Debug|Any CPU
		{995865E8-925B-4262-AA0F-15ABF856DE8E}.Debug|x86.Build.0 = Debug|Any CPU
		{995865E8-925B-4262-AA0F-15ABF856DE8E}.Release|Any CPU.ActiveCfg = Release|Any CPU
		{995865E8-925B-4262-AA0F-15ABF856DE8E}.Release|Any CPU.Build.0 = Release|Any CPU
		{995865E8-925B-4262-AA0F-15ABF856DE8E}.Release|x64.ActiveCfg = Release|Any CPU
		{995865E8-925B-4262-AA0F-15ABF856DE8E}.Release|x64.Build.0 = Release|Any CPU
		{995865E8-925B-4262-AA0F-15ABF856DE8E}.Release|x86.ActiveCfg = Release|Any CPU
		{995865E8-925B-4262-AA0F-15ABF856DE8E}.Release|x86.Build.0 = Release|Any CPU
		{37443E86-3663-4D43-8E9A-D3A1B4600438}.Debug|Any CPU.ActiveCfg = Debug|Any CPU
		{37443E86-3663-4D43-8E9A-D3A1B4600438}.Debug|Any CPU.Build.0 = Debug|Any CPU
		{37443E86-3663-4D43-8E9A-D3A1B4600438}.Debug|x64.ActiveCfg = Debug|Any CPU
		{37443E86-3663-4D43-8E9A-D3A1B4600438}.Debug|x64.Build.0 = Debug|Any CPU
		{37443E86-3663-4D43-8E9A-D3A1B4600438}.Debug|x86.ActiveCfg = Debug|Any CPU
		{37443E86-3663-4D43-8E9A-D3A1B4600438}.Debug|x86.Build.0 = Debug|Any CPU
		{37443E86-3663-4D43-8E9A-D3A1B4600438}.Release|Any CPU.ActiveCfg = Release|Any CPU
		{37443E86-3663-4D43-8E9A-D3A1B4600438}.Release|Any CPU.Build.0 = Release|Any CPU
		{37443E86-3663-4D43-8E9A-D3A1B4600438}.Release|x64.ActiveCfg = Release|Any CPU
		{37443E86-3663-4D43-8E9A-D3A1B4600438}.Release|x64.Build.0 = Release|Any CPU
		{37443E86-3663-4D43-8E9A-D3A1B4600438}.Release|x86.ActiveCfg = Release|Any CPU
		{37443E86-3663-4D43-8E9A-D3A1B4600438}.Release|x86.Build.0 = Release|Any CPU
	EndGlobalSection
EndGlobal
